
Microsoft Visual Studio Solution File, Format Version 12.00
# Visual Studio Version 16
VisualStudioVersion = 16.0.31729.503
MinimumVisualStudioVersion = 10.0.40219.1
Project("{FAE04EC0-301F-11D3-BF4B-00C04F79EFBC}") = "technologyMarket", "technologyMarket\technologyMarket.csproj", "{D0927890-E3D2-46B3-9274-C349FCFE43B7}"
EndProject
Global
	GlobalSection(SolutionConfigurationPlatforms) = preSolution
		Debug|Any CPU = Debug|Any CPU
		Release|Any CPU = Release|Any CPU
	EndGlobalSection
	GlobalSection(ProjectConfigurationPlatforms) = postSolution
		{D0927890-E3D2-46B3-9274-C349FCFE43B7}.Debug|Any CPU.ActiveCfg = Debug|Any CPU
		{D0927890-E3D2-46B3-9274-C349FCFE43B7}.Debug|Any CPU.Build.0 = Debug|Any CPU
		{D0927890-E3D2-46B3-9274-C349FCFE43B7}.Release|Any CPU.ActiveCfg = Release|Any CPU
		{D0927890-E3D2-46B3-9274-C349FCFE43B7}.Release|Any CPU.Build.0 = Release|Any CPU
	EndGlobalSection
	GlobalSection(SolutionProperties) = preSolution
		HideSolutionNode = FALSE
	EndGlobalSection
	GlobalSection(ExtensibilityGlobals) = postSolution
		SolutionGuid = {809FD65A-7BF2-4008-9474-E09BBF68D545}
	EndGlobalSection
EndGlobal
